
Microsoft Visual Studio Solution File, Format Version 12.00
# Visual Studio Version 16
VisualStudioVersion = 16.0.30621.155
MinimumVisualStudioVersion = 10.0.40219.1
Project("{FAE04EC0-301F-11D3-BF4B-00C04F79EFBC}") = "Lab6", "Lab6\Lab6.csproj", "{ED639947-8B7F-4015-97EE-8740C715E6E7}"
EndProject
Global
	GlobalSection(SolutionConfigurationPlatforms) = preSolution
		Debug|Any CPU = Debug|Any CPU
		Release|Any CPU = Release|Any CPU
	EndGlobalSection
	GlobalSection(ProjectConfigurationPlatforms) = postSolution
		{ED639947-8B7F-4015-97EE-8740C715E6E7}.Debug|Any CPU.ActiveCfg = Debug|Any CPU
		{ED639947-8B7F-4015-97EE-8740C715E6E7}.Debug|Any CPU.Build.0 = Debug|Any CPU
		{ED639947-8B7F-4015-97EE-8740C715E6E7}.Release|Any CPU.ActiveCfg = Release|Any CPU
		{ED639947-8B7F-4015-97EE-8740C715E6E7}.Release|Any CPU.Build.0 = Release|Any CPU
	EndGlobalSection
	GlobalSection(SolutionProperties) = preSolution
		HideSolutionNode = FALSE
	EndGlobalSection
	GlobalSection(ExtensibilityGlobals) = postSolution
		SolutionGuid = {611B4236-5D71-443B-9464-CDDDB5AEA0F1}
	EndGlobalSection
EndGlobal
